
Microsoft Visual Studio Solution File, Format Version 12.00
# Visual Studio Version 17
VisualStudioVersion = 17.11.35222.181
MinimumVisualStudioVersion = 10.0.40219.1
Project("{FAE04EC0-301F-11D3-BF4B-00C04F79EFBC}") = "Mensageria_Trabalho04", "Mensageria_Trabalho04.csproj", "{1BB3A8B9-8E12-4486-B1EA-A7E5DB82958D}"
EndProject
Project("{2150E333-8FDC-42A3-9474-1A3956D46DE8}") = "MensageriaRabbirMQ", "MensageriaRabbirMQ", "{C7D8C89A-15C8-5882-322E-56FE2FE47810}"
EndProject
Project("{FAE04EC0-301F-11D3-BF4B-00C04F79EFBC}") = "MensageriaRabbitMQ", "MensageriaRabbirMQ\MensageriaRabbitMQ.csproj", "{05788392-543C-4502-9023-D8805B8CDF1A}"
EndProject
Global
	GlobalSection(SolutionConfigurationPlatforms) = preSolution
		Debug|Any CPU = Debug|Any CPU
		Debug|x64 = Debug|x64
		Debug|x86 = Debug|x86
		Release|Any CPU = Release|Any CPU
		Release|x64 = Release|x64
		Release|x86 = Release|x86
	EndGlobalSection
	GlobalSection(ProjectConfigurationPlatforms) = postSolution
		{1BB3A8B9-8E12-4486-B1EA-A7E5DB82958D}.Debug|Any CPU.ActiveCfg = Debug|Any CPU
		{1BB3A8B9-8E12-4486-B1EA-A7E5DB82958D}.Debug|Any CPU.Build.0 = Debug|Any CPU
		{1BB3A8B9-8E12-4486-B1EA-A7E5DB82958D}.Debug|x64.ActiveCfg = Debug|Any CPU
		{1BB3A8B9-8E12-4486-B1EA-A7E5DB82958D}.Debug|x64.Build.0 = Debug|Any CPU
		{1BB3A8B9-8E12-4486-B1EA-A7E5DB82958D}.Debug|x86.ActiveCfg = Debug|Any CPU
		{1BB3A8B9-8E12-4486-B1EA-A7E5DB82958D}.Debug|x86.Build.0 = Debug|Any CPU
		{1BB3A8B9-8E12-4486-B1EA-A7E5DB82958D}.Release|Any CPU.ActiveCfg = Release|Any CPU
		{1BB3A8B9-8E12-4486-B1EA-A7E5DB82958D}.Release|Any CPU.Build.0 = Release|Any CPU
		{1BB3A8B9-8E12-4486-B1EA-A7E5DB82958D}.Release|x64.ActiveCfg = Release|Any CPU
		{1BB3A8B9-8E12-4486-B1EA-A7E5DB82958D}.Release|x64.Build.0 = Release|Any CPU
		{1BB3A8B9-8E12-4486-B1EA-A7E5DB82958D}.Release|x86.ActiveCfg = Release|Any CPU
		{1BB3A8B9-8E12-4486-B1EA-A7E5DB82958D}.Release|x86.Build.0 = Release|Any CPU
		{05788392-543C-4502-9023-D8805B8CDF1A}.Debug|Any CPU.ActiveCfg = Debug|Any CPU
		{05788392-543C-4502-9023-D8805B8CDF1A}.Debug|Any CPU.Build.0 = Debug|Any CPU
		{05788392-543C-4502-9023-D8805B8CDF1A}.Debug|x64.ActiveCfg = Debug|Any CPU
		{05788392-543C-4502-9023-D8805B8CDF1A}.Debug|x64.Build.0 = Debug|Any CPU
		{05788392-543C-4502-9023-D8805B8CDF1A}.Debug|x86.ActiveCfg = Debug|Any CPU
		{05788392-543C-4502-9023-D8805B8CDF1A}.Debug|x86.Build.0 = Debug|Any CPU
		{05788392-543C-4502-9023-D8805B8CDF1A}.Release|Any CPU.ActiveCfg = Release|Any CPU
		{05788392-543C-4502-9023-D8805B8CDF1A}.Release|Any CPU.Build.0 = Release|Any CPU
		{05788392-543C-4502-9023-D8805B8CDF1A}.Release|x64.ActiveCfg = Release|Any CPU
		{05788392-543C-4502-9023-D8805B8CDF1A}.Release|x64.Build.0 = Release|Any CPU
		{05788392-543C-4502-9023-D8805B8CDF1A}.Release|x86.ActiveCfg = Release|Any CPU
		{05788392-543C-4502-9023-D8805B8CDF1A}.Release|x86.Build.0 = Release|Any CPU
	EndGlobalSection
	GlobalSection(SolutionProperties) = preSolution
		HideSolutionNode = FALSE
	EndGlobalSection
	GlobalSection(NestedProjects) = preSolution
		{05788392-543C-4502-9023-D8805B8CDF1A} = {C7D8C89A-15C8-5882-322E-56FE2FE47810}
	EndGlobalSection
	GlobalSection(ExtensibilityGlobals) = postSolution
		SolutionGuid = {EE98499D-481B-4CC2-A026-AA2210E06123}
	EndGlobalSection
EndGlobal
